// !$*UTF8*$!
{
	archiveVersion = 1;
	classes = {
	};
	objectVersion = 45;
	objects = {

/* Begin PBXBuildFile section */
		1D3623260D0F684500981E51 /* ufoattackAppDelegate.m in Sources */ = {isa = PBXBuildFile; fileRef = 1D3623250D0F684500981E51 /* ufoattackAppDelegate.m */; };
		1D60589B0D05DD56006BFB54 /* main.m in Sources */ = {isa = PBXBuildFile; fileRef = 29B97316FDCFA39411CA2CEA /* main.m */; };
		1D60589F0D05DD5A006BFB54 /* Foundation.framework in Frameworks */ = {isa = PBXBuildFile; fileRef = 1D30AB110D05D00D00671497 /* Foundation.framework */; };
		1DF5F4E00D08C38300B7A737 /* UIKit.framework in Frameworks */ = {isa = PBXBuildFile; fileRef = 1DF5F4DF0D08C38300B7A737 /* UIKit.framework */; };
		28AD733F0D9D9553002E5188 /* MainWindow.xib in Resources */ = {isa = PBXBuildFile; fileRef = 28AD733E0D9D9553002E5188 /* MainWindow.xib */; };
		28FD14FE0DC6FC130079059D /* EAGLView.m in Sources */ = {isa = PBXBuildFile; fileRef = 28FD14FD0DC6FC130079059D /* EAGLView.m */; };
		28FD15000DC6FC520079059D /* OpenGLES.framework in Frameworks */ = {isa = PBXBuildFile; fileRef = 28FD14FF0DC6FC520079059D /* OpenGLES.framework */; };
		28FD15080DC6FC5B0079059D /* QuartzCore.framework in Frameworks */ = {isa = PBXBuildFile; fileRef = 28FD15070DC6FC5B0079059D /* QuartzCore.framework */; };
		9A11BDBD0ECFE24000ABFA03 /* stdfont2.tex in Resources */ = {isa = PBXBuildFile; fileRef = 9A11BDBC0ECFE24000ABFA03 /* stdfont2.tex */; };
		9A5B8C4A0EBEA60600BA5C70 /* cgame.cpp in Sources */ = {isa = PBXBuildFile; fileRef = 9A5B8C480EBEA60600BA5C70 /* cgame.cpp */; };
		9A69091E0F3372CB005AE44E /* fixedgeom.cpp in Sources */ = {isa = PBXBuildFile; fileRef = 9A6909180F3372CB005AE44E /* fixedgeom.cpp */; };
		9A69091F0F3372CB005AE44E /* loosequadtree.cpp in Sources */ = {isa = PBXBuildFile; fileRef = 9A69091A0F3372CB005AE44E /* loosequadtree.cpp */; };
		9A6909200F3372CB005AE44E /* uirendering.cpp in Sources */ = {isa = PBXBuildFile; fileRef = 9A69091C0F3372CB005AE44E /* uirendering.cpp */; };
		9A69095E0F33751A005AE44E /* crate.mod in Resources */ = {isa = PBXBuildFile; fileRef = 9A69095D0F33751A005AE44E /* crate.mod */; };
		9A6909840F3375EE005AE44E /* icons.tex in Resources */ = {isa = PBXBuildFile; fileRef = 9A6909810F3375EE005AE44E /* icons.tex */; };
		9A6909850F3375EE005AE44E /* woodDark.tex in Resources */ = {isa = PBXBuildFile; fileRef = 9A6909820F3375EE005AE44E /* woodDark.tex */; };
		9A6909860F3375EE005AE44E /* woodDarkUFO.tex in Resources */ = {isa = PBXBuildFile; fileRef = 9A6909830F3375EE005AE44E /* woodDarkUFO.tex */; };
		9A690B990F33BB18005AE44E /* mainIcon.png in Resources */ = {isa = PBXBuildFile; fileRef = 9A690B980F33BB18005AE44E /* mainIcon.png */; };
		9A8EE7E20F3F76C5005FDF47 /* alienFloor.tex in Resources */ = {isa = PBXBuildFile; fileRef = 9A8EE7DE0F3F76C5005FDF47 /* alienFloor.tex */; };
		9A8EE7E30F3F76C5005FDF47 /* dirtGrass.tex in Resources */ = {isa = PBXBuildFile; fileRef = 9A8EE7DF0F3F76C5005FDF47 /* dirtGrass.tex */; };
		9A8EE7E40F3F76C5005FDF47 /* farmland.mod in Resources */ = {isa = PBXBuildFile; fileRef = 9A8EE7E00F3F76C5005FDF47 /* farmland.mod */; };
		9A8EE7E50F3F76C5005FDF47 /* grass2.tex in Resources */ = {isa = PBXBuildFile; fileRef = 9A8EE7E10F3F76C5005FDF47 /* grass2.tex */; };
		9A8EE7E90F3F770F005FDF47 /* renderqueue.cpp in Sources */ = {isa = PBXBuildFile; fileRef = 9A8EE7E70F3F770F005FDF47 /* renderqueue.cpp */; };
		9A8F7F4B0EBD3D8F00742BF0 /* model.cpp in Sources */ = {isa = PBXBuildFile; fileRef = 9A8F7F490EBD3D8F00742BF0 /* model.cpp */; };
		9AE624460ED8DEB400A44607 /* teapot.mod in Resources */ = {isa = PBXBuildFile; fileRef = 9AE624420ED8DEB400A44607 /* teapot.mod */; };
		9AE624480ED8DEB400A44607 /* test1.mod in Resources */ = {isa = PBXBuildFile; fileRef = 9AE624440ED8DEB400A44607 /* test1.mod */; };
		9AE624490ED8DEB400A44607 /* test2.mod in Resources */ = {isa = PBXBuildFile; fileRef = 9AE624450ED8DEB400A44607 /* test2.mod */; };
		9AF644700EAA906D004FB696 /* glcontainer.cpp in Sources */ = {isa = PBXBuildFile; fileRef = 9AF644530EAA906D004FB696 /* glcontainer.cpp */; };
		9AF644710EAA906D004FB696 /* gldebug.cpp in Sources */ = {isa = PBXBuildFile; fileRef = 9AF644550EAA906D004FB696 /* gldebug.cpp */; };
		9AF644720EAA906D004FB696 /* gldynamic.cpp in Sources */ = {isa = PBXBuildFile; fileRef = 9AF644570EAA906D004FB696 /* gldynamic.cpp */; };
		9AF644730EAA906D004FB696 /* glgeometry.cpp in Sources */ = {isa = PBXBuildFile; fileRef = 9AF644590EAA906D004FB696 /* glgeometry.cpp */; };
		9AF644740EAA906D004FB696 /* glmatrix.cpp in Sources */ = {isa = PBXBuildFile; fileRef = 9AF6445D0EAA906D004FB696 /* glmatrix.cpp */; };
		9AF644750EAA906D004FB696 /* glmemorypool.cpp in Sources */ = {isa = PBXBuildFile; fileRef = 9AF6445F0EAA906D004FB696 /* glmemorypool.cpp */; };
		9AF644770EAA906D004FB696 /* glprime.cpp in Sources */ = {isa = PBXBuildFile; fileRef = 9AF644630EAA906D004FB696 /* glprime.cpp */; };
		9AF644780EAA906D004FB696 /* glrandom.cpp in Sources */ = {isa = PBXBuildFile; fileRef = 9AF644660EAA906D004FB696 /* glrandom.cpp */; };
		9AF644790EAA906D004FB696 /* glstringutil.cpp in Sources */ = {isa = PBXBuildFile; fileRef = 9AF644690EAA906D004FB696 /* glstringutil.cpp */; };
		9AF6447A0EAA906D004FB696 /* glutil.cpp in Sources */ = {isa = PBXBuildFile; fileRef = 9AF6446C0EAA906D004FB696 /* glutil.cpp */; };
		9AF6447B0EAA906D004FB696 /* glvector.cpp in Sources */ = {isa = PBXBuildFile; fileRef = 9AF6446E0EAA906D004FB696 /* glvector.cpp */; };
		9AF644B60EAAFCCE004FB696 /* camera.cpp in Sources */ = {isa = PBXBuildFile; fileRef = 9AF644A80EAAFCCE004FB696 /* camera.cpp */; };
		9AF644B70EAAFCCE004FB696 /* engine.cpp in Sources */ = {isa = PBXBuildFile; fileRef = 9AF644AA0EAAFCCE004FB696 /* engine.cpp */; };
		9AF644B80EAAFCCE004FB696 /* map.cpp in Sources */ = {isa = PBXBuildFile; fileRef = 9AF644AC0EAAFCCE004FB696 /* map.cpp */; };
		9AF644B90EAAFCCE004FB696 /* surface.cpp in Sources */ = {isa = PBXBuildFile; fileRef = 9AF644AF0EAAFCCE004FB696 /* surface.cpp */; };
		9AF644BA0EAAFCCE004FB696 /* text.cpp in Sources */ = {isa = PBXBuildFile; fileRef = 9AF644B10EAAFCCE004FB696 /* text.cpp */; };
		9AF644BB0EAAFCCE004FB696 /* tga.cpp in Sources */ = {isa = PBXBuildFile; fileRef = 9AF644B30EAAFCCE004FB696 /* tga.cpp */; };
		9AF6454E0EAC4FB4004FB696 /* game.cpp in Sources */ = {isa = PBXBuildFile; fileRef = 9AF6454C0EAC4FB4004FB696 /* game.cpp */; };
/* End PBXBuildFile section */

/* Begin PBXFileReference section */
		1D30AB110D05D00D00671497 /* Foundation.framework */ = {isa = PBXFileReference; lastKnownFileType = wrapper.framework; name = Foundation.framework; path = System/Library/Frameworks/Foundation.framework; sourceTree = SDKROOT; };
		1D3623240D0F684500981E51 /* ufoattackAppDelegate.h */ = {isa = PBXFileReference; fileEncoding = 4; lastKnownFileType = sourcecode.c.h; path = ufoattackAppDelegate.h; sourceTree = "<group>"; };
		1D3623250D0F684500981E51 /* ufoattackAppDelegate.m */ = {isa = PBXFileReference; fileEncoding = 4; lastKnownFileType = sourcecode.c.objc; path = ufoattackAppDelegate.m; sourceTree = "<group>"; };
		1D6058910D05DD3D006BFB54 /* ufoattack.app */ = {isa = PBXFileReference; explicitFileType = wrapper.application; includeInIndex = 0; path = ufoattack.app; sourceTree = BUILT_PRODUCTS_DIR; };
		1DF5F4DF0D08C38300B7A737 /* UIKit.framework */ = {isa = PBXFileReference; lastKnownFileType = wrapper.framework; name = UIKit.framework; path = System/Library/Frameworks/UIKit.framework; sourceTree = SDKROOT; };
		28AD733E0D9D9553002E5188 /* MainWindow.xib */ = {isa = PBXFileReference; lastKnownFileType = file.xib; path = MainWindow.xib; sourceTree = "<group>"; };
		28FD14FC0DC6FC130079059D /* EAGLView.h */ = {isa = PBXFileReference; fileEncoding = 4; lastKnownFileType = sourcecode.c.h; path = EAGLView.h; sourceTree = "<group>"; };
		28FD14FD0DC6FC130079059D /* EAGLView.m */ = {isa = PBXFileReference; fileEncoding = 4; lastKnownFileType = sourcecode.c.objc; path = EAGLView.m; sourceTree = "<group>"; };
		28FD14FF0DC6FC520079059D /* OpenGLES.framework */ = {isa = PBXFileReference; lastKnownFileType = wrapper.framework; name = OpenGLES.framework; path = System/Library/Frameworks/OpenGLES.framework; sourceTree = SDKROOT; };
		28FD15070DC6FC5B0079059D /* QuartzCore.framework */ = {isa = PBXFileReference; lastKnownFileType = wrapper.framework; name = QuartzCore.framework; path = System/Library/Frameworks/QuartzCore.framework; sourceTree = SDKROOT; };
		29B97316FDCFA39411CA2CEA /* main.m */ = {isa = PBXFileReference; fileEncoding = 4; lastKnownFileType = sourcecode.c.objc; path = main.m; sourceTree = "<group>"; };
		32CA4F630368D1EE00C91783 /* ufoattack_Prefix.pch */ = {isa = PBXFileReference; fileEncoding = 4; lastKnownFileType = sourcecode.c.h; path = ufoattack_Prefix.pch; sourceTree = "<group>"; };
		8D1107310486CEB800E47090 /* Info.plist */ = {isa = PBXFileReference; fileEncoding = 4; lastKnownFileType = text.plist.xml; path = Info.plist; sourceTree = "<group>"; };
		9A11BDBC0ECFE24000ABFA03 /* stdfont2.tex */ = {isa = PBXFileReference; lastKnownFileType = file; name = stdfont2.tex; path = ../res/stdfont2.tex; sourceTree = SOURCE_ROOT; };
		9A5B8C480EBEA60600BA5C70 /* cgame.cpp */ = {isa = PBXFileReference; fileEncoding = 4; lastKnownFileType = sourcecode.cpp.cpp; name = cgame.cpp; path = ../game/cgame.cpp; sourceTree = SOURCE_ROOT; };
		9A5B8C490EBEA60600BA5C70 /* cgame.h */ = {isa = PBXFileReference; fileEncoding = 4; lastKnownFileType = sourcecode.c.h; name = cgame.h; path = ../game/cgame.h; sourceTree = SOURCE_ROOT; };
		9A6909110F3371AF005AE44E /* glfixed.h */ = {isa = PBXFileReference; fileEncoding = 4; lastKnownFileType = sourcecode.c.h; name = glfixed.h; path = ../grinliz/glfixed.h; sourceTree = SOURCE_ROOT; };
		9A6909180F3372CB005AE44E /* fixedgeom.cpp */ = {isa = PBXFileReference; fileEncoding = 4; lastKnownFileType = sourcecode.cpp.cpp; name = fixedgeom.cpp; path = ../engine/fixedgeom.cpp; sourceTree = SOURCE_ROOT; };
		9A6909190F3372CB005AE44E /* fixedgeom.h */ = {isa = PBXFileReference; fileEncoding = 4; lastKnownFileType = sourcecode.c.h; name = fixedgeom.h; path = ../engine/fixedgeom.h; sourceTree = SOURCE_ROOT; };
		9A69091A0F3372CB005AE44E /* loosequadtree.cpp */ = {isa = PBXFileReference; fileEncoding = 4; lastKnownFileType = sourcecode.cpp.cpp; name = loosequadtree.cpp; path = ../engine/loosequadtree.cpp; sourceTree = SOURCE_ROOT; };
		9A69091B0F3372CB005AE44E /* loosequadtree.h */ = {isa = PBXFileReference; fileEncoding = 4; lastKnownFileType = sourcecode.c.h; name = loosequadtree.h; path = ../engine/loosequadtree.h; sourceTree = SOURCE_ROOT; };
		9A69091C0F3372CB005AE44E /* uirendering.cpp */ = {isa = PBXFileReference; fileEncoding = 4; lastKnownFileType = sourcecode.cpp.cpp; name = uirendering.cpp; path = ../engine/uirendering.cpp; sourceTree = SOURCE_ROOT; };
		9A69091D0F3372CB005AE44E /* uirendering.h */ = {isa = PBXFileReference; fileEncoding = 4; lastKnownFileType = sourcecode.c.h; name = uirendering.h; path = ../engine/uirendering.h; sourceTree = SOURCE_ROOT; };
		9A69095D0F33751A005AE44E /* crate.mod */ = {isa = PBXFileReference; lastKnownFileType = file; name = crate.mod; path = ../res/crate.mod; sourceTree = SOURCE_ROOT; };
		9A6909810F3375EE005AE44E /* icons.tex */ = {isa = PBXFileReference; lastKnownFileType = file; name = icons.tex; path = ../res/icons.tex; sourceTree = SOURCE_ROOT; };
		9A6909820F3375EE005AE44E /* woodDark.tex */ = {isa = PBXFileReference; lastKnownFileType = file; name = woodDark.tex; path = ../res/woodDark.tex; sourceTree = SOURCE_ROOT; };
		9A6909830F3375EE005AE44E /* woodDarkUFO.tex */ = {isa = PBXFileReference; lastKnownFileType = file; name = woodDarkUFO.tex; path = ../res/woodDarkUFO.tex; sourceTree = SOURCE_ROOT; };
		9A690B980F33BB18005AE44E /* mainIcon.png */ = {isa = PBXFileReference; lastKnownFileType = image.png; name = mainIcon.png; path = ../resin/mainIcon.png; sourceTree = SOURCE_ROOT; };
		9A8EE7DE0F3F76C5005FDF47 /* alienFloor.tex */ = {isa = PBXFileReference; lastKnownFileType = file; name = alienFloor.tex; path = ../res/alienFloor.tex; sourceTree = SOURCE_ROOT; };
		9A8EE7DF0F3F76C5005FDF47 /* dirtGrass.tex */ = {isa = PBXFileReference; lastKnownFileType = file; name = dirtGrass.tex; path = ../res/dirtGrass.tex; sourceTree = SOURCE_ROOT; };
		9A8EE7E00F3F76C5005FDF47 /* farmland.mod */ = {isa = PBXFileReference; lastKnownFileType = file; name = farmland.mod; path = ../res/farmland.mod; sourceTree = SOURCE_ROOT; };
		9A8EE7E10F3F76C5005FDF47 /* grass2.tex */ = {isa = PBXFileReference; lastKnownFileType = file; name = grass2.tex; path = ../res/grass2.tex; sourceTree = SOURCE_ROOT; };
		9A8EE7E70F3F770F005FDF47 /* renderqueue.cpp */ = {isa = PBXFileReference; fileEncoding = 4; lastKnownFileType = sourcecode.cpp.cpp; name = renderqueue.cpp; path = ../engine/renderqueue.cpp; sourceTree = SOURCE_ROOT; };
		9A8EE7E80F3F770F005FDF47 /* renderqueue.h */ = {isa = PBXFileReference; fileEncoding = 4; lastKnownFileType = sourcecode.c.h; name = renderqueue.h; path = ../engine/renderqueue.h; sourceTree = SOURCE_ROOT; };
		9A8F7F480EBD3D8F00742BF0 /* enginelimits.h */ = {isa = PBXFileReference; fileEncoding = 4; lastKnownFileType = sourcecode.c.h; name = enginelimits.h; path = ../engine/enginelimits.h; sourceTree = SOURCE_ROOT; };
		9A8F7F490EBD3D8F00742BF0 /* model.cpp */ = {isa = PBXFileReference; fileEncoding = 4; lastKnownFileType = sourcecode.cpp.cpp; name = model.cpp; path = ../engine/model.cpp; sourceTree = SOURCE_ROOT; };
		9A8F7F4A0EBD3D8F00742BF0 /* model.h */ = {isa = PBXFileReference; fileEncoding = 4; lastKnownFileType = sourcecode.c.h; name = model.h; path = ../engine/model.h; sourceTree = SOURCE_ROOT; };
		9AE624420ED8DEB400A44607 /* teapot.mod */ = {isa = PBXFileReference; lastKnownFileType = file; name = teapot.mod; path = ../res/teapot.mod; sourceTree = SOURCE_ROOT; };
		9AE624440ED8DEB400A44607 /* test1.mod */ = {isa = PBXFileReference; lastKnownFileType = file; name = test1.mod; path = ../res/test1.mod; sourceTree = SOURCE_ROOT; };
		9AE624450ED8DEB400A44607 /* test2.mod */ = {isa = PBXFileReference; lastKnownFileType = file; name = test2.mod; path = ../res/test2.mod; sourceTree = SOURCE_ROOT; };
		9AF644510EAA906D004FB696 /* glbitarray.h */ = {isa = PBXFileReference; fileEncoding = 4; lastKnownFileType = sourcecode.c.h; name = glbitarray.h; path = ../grinliz/glbitarray.h; sourceTree = SOURCE_ROOT; };
		9AF644520EAA906D004FB696 /* glcolor.h */ = {isa = PBXFileReference; fileEncoding = 4; lastKnownFileType = sourcecode.c.h; name = glcolor.h; path = ../grinliz/glcolor.h; sourceTree = SOURCE_ROOT; };
		9AF644530EAA906D004FB696 /* glcontainer.cpp */ = {isa = PBXFileReference; fileEncoding = 4; lastKnownFileType = sourcecode.cpp.cpp; name = glcontainer.cpp; path = ../grinliz/glcontainer.cpp; sourceTree = SOURCE_ROOT; };
		9AF644540EAA906D004FB696 /* glcontainer.h */ = {isa = PBXFileReference; fileEncoding = 4; lastKnownFileType = sourcecode.c.h; name = glcontainer.h; path = ../grinliz/glcontainer.h; sourceTree = SOURCE_ROOT; };
		9AF644550EAA906D004FB696 /* gldebug.cpp */ = {isa = PBXFileReference; fileEncoding = 4; lastKnownFileType = sourcecode.cpp.cpp; name = gldebug.cpp; path = ../grinliz/gldebug.cpp; sourceTree = SOURCE_ROOT; };
		9AF644560EAA906D004FB696 /* gldebug.h */ = {isa = PBXFileReference; fileEncoding = 4; lastKnownFileType = sourcecode.c.h; name = gldebug.h; path = ../grinliz/gldebug.h; sourceTree = SOURCE_ROOT; };
		9AF644570EAA906D004FB696 /* gldynamic.cpp */ = {isa = PBXFileReference; fileEncoding = 4; lastKnownFileType = sourcecode.cpp.cpp; name = gldynamic.cpp; path = ../grinliz/gldynamic.cpp; sourceTree = SOURCE_ROOT; };
		9AF644580EAA906D004FB696 /* gldynamic.h */ = {isa = PBXFileReference; fileEncoding = 4; lastKnownFileType = sourcecode.c.h; name = gldynamic.h; path = ../grinliz/gldynamic.h; sourceTree = SOURCE_ROOT; };
		9AF644590EAA906D004FB696 /* glgeometry.cpp */ = {isa = PBXFileReference; fileEncoding = 4; lastKnownFileType = sourcecode.cpp.cpp; name = glgeometry.cpp; path = ../grinliz/glgeometry.cpp; sourceTree = SOURCE_ROOT; };
		9AF6445A0EAA906D004FB696 /* glgeometry.h */ = {isa = PBXFileReference; fileEncoding = 4; lastKnownFileType = sourcecode.c.h; name = glgeometry.h; path = ../grinliz/glgeometry.h; sourceTree = SOURCE_ROOT; };
		9AF6445B0EAA906D004FB696 /* glinnercircle.h */ = {isa = PBXFileReference; fileEncoding = 4; lastKnownFileType = sourcecode.c.h; name = glinnercircle.h; path = ../grinliz/glinnercircle.h; sourceTree = SOURCE_ROOT; };
		9AF6445C0EAA906D004FB696 /* glmath.h */ = {isa = PBXFileReference; fileEncoding = 4; lastKnownFileType = sourcecode.c.h; name = glmath.h; path = ../grinliz/glmath.h; sourceTree = SOURCE_ROOT; };
		9AF6445D0EAA906D004FB696 /* glmatrix.cpp */ = {isa = PBXFileReference; fileEncoding = 4; lastKnownFileType = sourcecode.cpp.cpp; name = glmatrix.cpp; path = ../grinliz/glmatrix.cpp; sourceTree = SOURCE_ROOT; };
		9AF6445E0EAA906D004FB696 /* glmatrix.h */ = {isa = PBXFileReference; fileEncoding = 4; lastKnownFileType = sourcecode.c.h; name = glmatrix.h; path = ../grinliz/glmatrix.h; sourceTree = SOURCE_ROOT; };
		9AF6445F0EAA906D004FB696 /* glmemorypool.cpp */ = {isa = PBXFileReference; fileEncoding = 4; lastKnownFileType = sourcecode.cpp.cpp; name = glmemorypool.cpp; path = ../grinliz/glmemorypool.cpp; sourceTree = SOURCE_ROOT; };
		9AF644600EAA906D004FB696 /* glmemorypool.h */ = {isa = PBXFileReference; fileEncoding = 4; lastKnownFileType = sourcecode.c.h; name = glmemorypool.h; path = ../grinliz/glmemorypool.h; sourceTree = SOURCE_ROOT; };
		9AF644630EAA906D004FB696 /* glprime.cpp */ = {isa = PBXFileReference; fileEncoding = 4; lastKnownFileType = sourcecode.cpp.cpp; name = glprime.cpp; path = ../grinliz/glprime.cpp; sourceTree = SOURCE_ROOT; };
		9AF644640EAA906D004FB696 /* glprime.h */ = {isa = PBXFileReference; fileEncoding = 4; lastKnownFileType = sourcecode.c.h; name = glprime.h; path = ../grinliz/glprime.h; sourceTree = SOURCE_ROOT; };
		9AF644650EAA906D004FB696 /* glpublisher.h */ = {isa = PBXFileReference; fileEncoding = 4; lastKnownFileType = sourcecode.c.h; name = glpublisher.h; path = ../grinliz/glpublisher.h; sourceTree = SOURCE_ROOT; };
		9AF644660EAA906D004FB696 /* glrandom.cpp */ = {isa = PBXFileReference; fileEncoding = 4; lastKnownFileType = sourcecode.cpp.cpp; name = glrandom.cpp; path = ../grinliz/glrandom.cpp; sourceTree = SOURCE_ROOT; };
		9AF644670EAA906D004FB696 /* glrandom.h */ = {isa = PBXFileReference; fileEncoding = 4; lastKnownFileType = sourcecode.c.h; name = glrandom.h; path = ../grinliz/glrandom.h; sourceTree = SOURCE_ROOT; };
		9AF644680EAA906D004FB696 /* glrectangle.h */ = {isa = PBXFileReference; fileEncoding = 4; lastKnownFileType = sourcecode.c.h; name = glrectangle.h; path = ../grinliz/glrectangle.h; sourceTree = SOURCE_ROOT; };
		9AF644690EAA906D004FB696 /* glstringutil.cpp */ = {isa = PBXFileReference; fileEncoding = 4; lastKnownFileType = sourcecode.cpp.cpp; name = glstringutil.cpp; path = ../grinliz/glstringutil.cpp; sourceTree = SOURCE_ROOT; };
		9AF6446A0EAA906D004FB696 /* glstringutil.h */ = {isa = PBXFileReference; fileEncoding = 4; lastKnownFileType = sourcecode.c.h; name = glstringutil.h; path = ../grinliz/glstringutil.h; sourceTree = SOURCE_ROOT; };
		9AF6446B0EAA906D004FB696 /* gltypes.h */ = {isa = PBXFileReference; fileEncoding = 4; lastKnownFileType = sourcecode.c.h; name = gltypes.h; path = ../grinliz/gltypes.h; sourceTree = SOURCE_ROOT; };
		9AF6446C0EAA906D004FB696 /* glutil.cpp */ = {isa = PBXFileReference; fileEncoding = 4; lastKnownFileType = sourcecode.cpp.cpp; name = glutil.cpp; path = ../grinliz/glutil.cpp; sourceTree = SOURCE_ROOT; };
		9AF6446D0EAA906D004FB696 /* glutil.h */ = {isa = PBXFileReference; fileEncoding = 4; lastKnownFileType = sourcecode.c.h; name = glutil.h; path = ../grinliz/glutil.h; sourceTree = SOURCE_ROOT; };
		9AF6446E0EAA906D004FB696 /* glvector.cpp */ = {isa = PBXFileReference; fileEncoding = 4; lastKnownFileType = sourcecode.cpp.cpp; name = glvector.cpp; path = ../grinliz/glvector.cpp; sourceTree = SOURCE_ROOT; };
		9AF6446F0EAA906D004FB696 /* glvector.h */ = {isa = PBXFileReference; fileEncoding = 4; lastKnownFileType = sourcecode.c.h; name = glvector.h; path = ../grinliz/glvector.h; sourceTree = SOURCE_ROOT; };
		9AF644A80EAAFCCE004FB696 /* camera.cpp */ = {isa = PBXFileReference; fileEncoding = 4; lastKnownFileType = sourcecode.cpp.cpp; name = camera.cpp; path = ../engine/camera.cpp; sourceTree = SOURCE_ROOT; };
		9AF644A90EAAFCCE004FB696 /* camera.h */ = {isa = PBXFileReference; fileEncoding = 4; lastKnownFileType = sourcecode.c.h; name = camera.h; path = ../engine/camera.h; sourceTree = SOURCE_ROOT; };
		9AF644AA0EAAFCCE004FB696 /* engine.cpp */ = {isa = PBXFileReference; fileEncoding = 4; lastKnownFileType = sourcecode.cpp.cpp; name = engine.cpp; path = ../engine/engine.cpp; sourceTree = SOURCE_ROOT; };
		9AF644AB0EAAFCCE004FB696 /* engine.h */ = {isa = PBXFileReference; fileEncoding = 4; lastKnownFileType = sourcecode.c.h; name = engine.h; path = ../engine/engine.h; sourceTree = SOURCE_ROOT; };
		9AF644AC0EAAFCCE004FB696 /* map.cpp */ = {isa = PBXFileReference; fileEncoding = 4; lastKnownFileType = sourcecode.cpp.cpp; name = map.cpp; path = ../engine/map.cpp; sourceTree = SOURCE_ROOT; };
		9AF644AD0EAAFCCE004FB696 /* map.h */ = {isa = PBXFileReference; fileEncoding = 4; lastKnownFileType = sourcecode.c.h; name = map.h; path = ../engine/map.h; sourceTree = SOURCE_ROOT; };
		9AF644AE0EAAFCCE004FB696 /* platformgl.h */ = {isa = PBXFileReference; fileEncoding = 4; lastKnownFileType = sourcecode.c.h; name = platformgl.h; path = ../engine/platformgl.h; sourceTree = SOURCE_ROOT; };
		9AF644AF0EAAFCCE004FB696 /* surface.cpp */ = {isa = PBXFileReference; fileEncoding = 4; lastKnownFileType = sourcecode.cpp.cpp; name = surface.cpp; path = ../engine/surface.cpp; sourceTree = SOURCE_ROOT; };
		9AF644B00EAAFCCE004FB696 /* surface.h */ = {isa = PBXFileReference; fileEncoding = 4; lastKnownFileType = sourcecode.c.h; name = surface.h; path = ../engine/surface.h; sourceTree = SOURCE_ROOT; };
		9AF644B10EAAFCCE004FB696 /* text.cpp */ = {isa = PBXFileReference; fileEncoding = 4; lastKnownFileType = sourcecode.cpp.cpp; name = text.cpp; path = ../engine/text.cpp; sourceTree = SOURCE_ROOT; };
		9AF644B20EAAFCCE004FB696 /* text.h */ = {isa = PBXFileReference; fileEncoding = 4; lastKnownFileType = sourcecode.c.h; name = text.h; path = ../engine/text.h; sourceTree = SOURCE_ROOT; };
		9AF644B30EAAFCCE004FB696 /* tga.cpp */ = {isa = PBXFileReference; fileEncoding = 4; lastKnownFileType = sourcecode.cpp.cpp; name = tga.cpp; path = ../engine/tga.cpp; sourceTree = SOURCE_ROOT; };
		9AF644B40EAAFCCE004FB696 /* tga.h */ = {isa = PBXFileReference; fileEncoding = 4; lastKnownFileType = sourcecode.c.h; name = tga.h; path = ../engine/tga.h; sourceTree = SOURCE_ROOT; };
		9AF644B50EAAFCCE004FB696 /* vertex.h */ = {isa = PBXFileReference; fileEncoding = 4; lastKnownFileType = sourcecode.c.h; name = vertex.h; path = ../engine/vertex.h; sourceTree = SOURCE_ROOT; };
		9AF6454C0EAC4FB4004FB696 /* game.cpp */ = {isa = PBXFileReference; fileEncoding = 4; lastKnownFileType = sourcecode.cpp.cpp; name = game.cpp; path = ../game/game.cpp; sourceTree = SOURCE_ROOT; };
		9AF6454D0EAC4FB4004FB696 /* game.h */ = {isa = PBXFileReference; fileEncoding = 4; lastKnownFileType = sourcecode.c.h; name = game.h; path = ../game/game.h; sourceTree = SOURCE_ROOT; };
/* End PBXFileReference section */

/* Begin PBXFrameworksBuildPhase section */
		1D60588F0D05DD3D006BFB54 /* Frameworks */ = {
			isa = PBXFrameworksBuildPhase;
			buildActionMask = 2147483647;
			files = (
				1D60589F0D05DD5A006BFB54 /* Foundation.framework in Frameworks */,
				1DF5F4E00D08C38300B7A737 /* UIKit.framework in Frameworks */,
				28FD15000DC6FC520079059D /* OpenGLES.framework in Frameworks */,
				28FD15080DC6FC5B0079059D /* QuartzCore.framework in Frameworks */,
			);
			runOnlyForDeploymentPostprocessing = 0;
		};
/* End PBXFrameworksBuildPhase section */

/* Begin PBXGroup section */
		080E96DDFE201D6D7F000001 /* Classes */ = {
			isa = PBXGroup;
			children = (
				28FD14FC0DC6FC130079059D /* EAGLView.h */,
				28FD14FD0DC6FC130079059D /* EAGLView.m */,
				1D3623240D0F684500981E51 /* ufoattackAppDelegate.h */,
				1D3623250D0F684500981E51 /* ufoattackAppDelegate.m */,
			);
			path = Classes;
			sourceTree = "<group>";
		};
		19C28FACFE9D520D11CA2CBB /* Products */ = {
			isa = PBXGroup;
			children = (
				1D6058910D05DD3D006BFB54 /* ufoattack.app */,
			);
			name = Products;
			sourceTree = "<group>";
		};
		29B97314FDCFA39411CA2CEA /* CustomTemplate */ = {
			isa = PBXGroup;
			children = (
				9AF6454A0EAC4FA4004FB696 /* game */,
				9AF644A70EAAFCBB004FB696 /* engine */,
				9AF644500EAA9050004FB696 /* grinliz */,
				080E96DDFE201D6D7F000001 /* Classes */,
				29B97315FDCFA39411CA2CEA /* Other Sources */,
				29B97317FDCFA39411CA2CEA /* Resources */,
				29B97323FDCFA39411CA2CEA /* Frameworks */,
				19C28FACFE9D520D11CA2CBB /* Products */,
			);
			name = CustomTemplate;
			sourceTree = "<group>";
		};
		29B97315FDCFA39411CA2CEA /* Other Sources */ = {
			isa = PBXGroup;
			children = (
				32CA4F630368D1EE00C91783 /* ufoattack_Prefix.pch */,
				29B97316FDCFA39411CA2CEA /* main.m */,
			);
			name = "Other Sources";
			sourceTree = "<group>";
		};
		29B97317FDCFA39411CA2CEA /* Resources */ = {
			isa = PBXGroup;
			children = (
				9A8EE7DE0F3F76C5005FDF47 /* alienFloor.tex */,
				9A8EE7DF0F3F76C5005FDF47 /* dirtGrass.tex */,
				9A8EE7E00F3F76C5005FDF47 /* farmland.mod */,
				9A8EE7E10F3F76C5005FDF47 /* grass2.tex */,
				9A690B980F33BB18005AE44E /* mainIcon.png */,
				9A6909810F3375EE005AE44E /* icons.tex */,
				9A6909820F3375EE005AE44E /* woodDark.tex */,
				9A6909830F3375EE005AE44E /* woodDarkUFO.tex */,
				9A69095D0F33751A005AE44E /* crate.mod */,
				9AE624420ED8DEB400A44607 /* teapot.mod */,
				9AE624440ED8DEB400A44607 /* test1.mod */,
				9AE624450ED8DEB400A44607 /* test2.mod */,
				9A11BDBC0ECFE24000ABFA03 /* stdfont2.tex */,
				28AD733E0D9D9553002E5188 /* MainWindow.xib */,
				8D1107310486CEB800E47090 /* Info.plist */,
			);
			name = Resources;
			sourceTree = "<group>";
		};
		29B97323FDCFA39411CA2CEA /* Frameworks */ = {
			isa = PBXGroup;
			children = (
				28FD15070DC6FC5B0079059D /* QuartzCore.framework */,
				28FD14FF0DC6FC520079059D /* OpenGLES.framework */,
				1DF5F4DF0D08C38300B7A737 /* UIKit.framework */,
				1D30AB110D05D00D00671497 /* Foundation.framework */,
			);
			name = Frameworks;
			sourceTree = "<group>";
		};
		9AF644500EAA9050004FB696 /* grinliz */ = {
			isa = PBXGroup;
			children = (
				9A6909110F3371AF005AE44E /* glfixed.h */,
				9AF644510EAA906D004FB696 /* glbitarray.h */,
				9AF644520EAA906D004FB696 /* glcolor.h */,
				9AF644530EAA906D004FB696 /* glcontainer.cpp */,
				9AF644540EAA906D004FB696 /* glcontainer.h */,
				9AF644550EAA906D004FB696 /* gldebug.cpp */,
				9AF644560EAA906D004FB696 /* gldebug.h */,
				9AF644570EAA906D004FB696 /* gldynamic.cpp */,
				9AF644580EAA906D004FB696 /* gldynamic.h */,
				9AF644590EAA906D004FB696 /* glgeometry.cpp */,
				9AF6445A0EAA906D004FB696 /* glgeometry.h */,
				9AF6445B0EAA906D004FB696 /* glinnercircle.h */,
				9AF6445C0EAA906D004FB696 /* glmath.h */,
				9AF6445D0EAA906D004FB696 /* glmatrix.cpp */,
				9AF6445E0EAA906D004FB696 /* glmatrix.h */,
				9AF6445F0EAA906D004FB696 /* glmemorypool.cpp */,
				9AF644600EAA906D004FB696 /* glmemorypool.h */,
				9AF644630EAA906D004FB696 /* glprime.cpp */,
				9AF644640EAA906D004FB696 /* glprime.h */,
				9AF644650EAA906D004FB696 /* glpublisher.h */,
				9AF644660EAA906D004FB696 /* glrandom.cpp */,
				9AF644670EAA906D004FB696 /* glrandom.h */,
				9AF644680EAA906D004FB696 /* glrectangle.h */,
				9AF644690EAA906D004FB696 /* glstringutil.cpp */,
				9AF6446A0EAA906D004FB696 /* glstringutil.h */,
				9AF6446B0EAA906D004FB696 /* gltypes.h */,
				9AF6446C0EAA906D004FB696 /* glutil.cpp */,
				9AF6446D0EAA906D004FB696 /* glutil.h */,
				9AF6446E0EAA906D004FB696 /* glvector.cpp */,
				9AF6446F0EAA906D004FB696 /* glvector.h */,
			);
			name = grinliz;
			sourceTree = "<group>";
		};
		9AF644A70EAAFCBB004FB696 /* engine */ = {
			isa = PBXGroup;
			children = (
				9A8EE7E70F3F770F005FDF47 /* renderqueue.cpp */,
				9A8EE7E80F3F770F005FDF47 /* renderqueue.h */,
				9A6909180F3372CB005AE44E /* fixedgeom.cpp */,
				9A6909190F3372CB005AE44E /* fixedgeom.h */,
				9A69091A0F3372CB005AE44E /* loosequadtree.cpp */,
				9A69091B0F3372CB005AE44E /* loosequadtree.h */,
				9A69091C0F3372CB005AE44E /* uirendering.cpp */,
				9A69091D0F3372CB005AE44E /* uirendering.h */,
				9A8F7F480EBD3D8F00742BF0 /* enginelimits.h */,
				9A8F7F490EBD3D8F00742BF0 /* model.cpp */,
				9A8F7F4A0EBD3D8F00742BF0 /* model.h */,
				9AF644A80EAAFCCE004FB696 /* camera.cpp */,
				9AF644A90EAAFCCE004FB696 /* camera.h */,
				9AF644AA0EAAFCCE004FB696 /* engine.cpp */,
				9AF644AB0EAAFCCE004FB696 /* engine.h */,
				9AF644AC0EAAFCCE004FB696 /* map.cpp */,
				9AF644AD0EAAFCCE004FB696 /* map.h */,
				9AF644AE0EAAFCCE004FB696 /* platformgl.h */,
				9AF644AF0EAAFCCE004FB696 /* surface.cpp */,
				9AF644B00EAAFCCE004FB696 /* surface.h */,
				9AF644B10EAAFCCE004FB696 /* text.cpp */,
				9AF644B20EAAFCCE004FB696 /* text.h */,
				9AF644B30EAAFCCE004FB696 /* tga.cpp */,
				9AF644B40EAAFCCE004FB696 /* tga.h */,
				9AF644B50EAAFCCE004FB696 /* vertex.h */,
			);
			name = engine;
			sourceTree = "<group>";
		};
		9AF6454A0EAC4FA4004FB696 /* game */ = {
			isa = PBXGroup;
			children = (
				9A5B8C480EBEA60600BA5C70 /* cgame.cpp */,
				9A5B8C490EBEA60600BA5C70 /* cgame.h */,
				9AF6454C0EAC4FB4004FB696 /* game.cpp */,
				9AF6454D0EAC4FB4004FB696 /* game.h */,
			);
			name = game;
			sourceTree = "<group>";
		};
/* End PBXGroup section */

/* Begin PBXNativeTarget section */
		1D6058900D05DD3D006BFB54 /* ufoattack */ = {
			isa = PBXNativeTarget;
			buildConfigurationList = 1D6058960D05DD3E006BFB54 /* Build configuration list for PBXNativeTarget "ufoattack" */;
			buildPhases = (
				1D60588D0D05DD3D006BFB54 /* Resources */,
				1D60588E0D05DD3D006BFB54 /* Sources */,
				1D60588F0D05DD3D006BFB54 /* Frameworks */,
			);
			buildRules = (
			);
			dependencies = (
			);
			name = ufoattack;
			productName = ufoattack;
			productReference = 1D6058910D05DD3D006BFB54 /* ufoattack.app */;
			productType = "com.apple.product-type.application";
		};
/* End PBXNativeTarget section */

/* Begin PBXProject section */
		29B97313FDCFA39411CA2CEA /* Project object */ = {
			isa = PBXProject;
			buildConfigurationList = C01FCF4E08A954540054247B /* Build configuration list for PBXProject "ufoattack" */;
			compatibilityVersion = "Xcode 3.1";
			hasScannedForEncodings = 1;
			mainGroup = 29B97314FDCFA39411CA2CEA /* CustomTemplate */;
			projectDirPath = "";
			projectRoot = "";
			targets = (
				1D6058900D05DD3D006BFB54 /* ufoattack */,
			);
		};
/* End PBXProject section */

/* Begin PBXResourcesBuildPhase section */
		1D60588D0D05DD3D006BFB54 /* Resources */ = {
			isa = PBXResourcesBuildPhase;
			buildActionMask = 2147483647;
			files = (
				28AD733F0D9D9553002E5188 /* MainWindow.xib in Resources */,
				9A11BDBD0ECFE24000ABFA03 /* stdfont2.tex in Resources */,
				9AE624460ED8DEB400A44607 /* teapot.mod in Resources */,
				9AE624480ED8DEB400A44607 /* test1.mod in Resources */,
				9AE624490ED8DEB400A44607 /* test2.mod in Resources */,
				9A69095E0F33751A005AE44E /* crate.mod in Resources */,
				9A6909840F3375EE005AE44E /* icons.tex in Resources */,
				9A6909850F3375EE005AE44E /* woodDark.tex in Resources */,
				9A6909860F3375EE005AE44E /* woodDarkUFO.tex in Resources */,
				9A690B990F33BB18005AE44E /* mainIcon.png in Resources */,
				9A8EE7E20F3F76C5005FDF47 /* alienFloor.tex in Resources */,
				9A8EE7E30F3F76C5005FDF47 /* dirtGrass.tex in Resources */,
				9A8EE7E40F3F76C5005FDF47 /* farmland.mod in Resources */,
				9A8EE7E50F3F76C5005FDF47 /* grass2.tex in Resources */,
			);
			runOnlyForDeploymentPostprocessing = 0;
		};
/* End PBXResourcesBuildPhase section */

/* Begin PBXSourcesBuildPhase section */
		1D60588E0D05DD3D006BFB54 /* Sources */ = {
			isa = PBXSourcesBuildPhase;
			buildActionMask = 2147483647;
			files = (
				1D60589B0D05DD56006BFB54 /* main.m in Sources */,
				1D3623260D0F684500981E51 /* ufoattackAppDelegate.m in Sources */,
				28FD14FE0DC6FC130079059D /* EAGLView.m in Sources */,
				9AF644700EAA906D004FB696 /* glcontainer.cpp in Sources */,
				9AF644710EAA906D004FB696 /* gldebug.cpp in Sources */,
				9AF644720EAA906D004FB696 /* gldynamic.cpp in Sources */,
				9AF644730EAA906D004FB696 /* glgeometry.cpp in Sources */,
				9AF644740EAA906D004FB696 /* glmatrix.cpp in Sources */,
				9AF644750EAA906D004FB696 /* glmemorypool.cpp in Sources */,
				9AF644770EAA906D004FB696 /* glprime.cpp in Sources */,
				9AF644780EAA906D004FB696 /* glrandom.cpp in Sources */,
				9AF644790EAA906D004FB696 /* glstringutil.cpp in Sources */,
				9AF6447A0EAA906D004FB696 /* glutil.cpp in Sources */,
				9AF6447B0EAA906D004FB696 /* glvector.cpp in Sources */,
				9AF644B60EAAFCCE004FB696 /* camera.cpp in Sources */,
				9AF644B70EAAFCCE004FB696 /* engine.cpp in Sources */,
				9AF644B80EAAFCCE004FB696 /* map.cpp in Sources */,
				9AF644B90EAAFCCE004FB696 /* surface.cpp in Sources */,
				9AF644BA0EAAFCCE004FB696 /* text.cpp in Sources */,
				9AF644BB0EAAFCCE004FB696 /* tga.cpp in Sources */,
				9AF6454E0EAC4FB4004FB696 /* game.cpp in Sources */,
				9A8F7F4B0EBD3D8F00742BF0 /* model.cpp in Sources */,
				9A5B8C4A0EBEA60600BA5C70 /* cgame.cpp in Sources */,
				9A69091E0F3372CB005AE44E /* fixedgeom.cpp in Sources */,
				9A69091F0F3372CB005AE44E /* loosequadtree.cpp in Sources */,
				9A6909200F3372CB005AE44E /* uirendering.cpp in Sources */,
				9A8EE7E90F3F770F005FDF47 /* renderqueue.cpp in Sources */,
			);
			runOnlyForDeploymentPostprocessing = 0;
		};
/* End PBXSourcesBuildPhase section */

/* Begin XCBuildConfiguration section */
		1D6058940D05DD3E006BFB54 /* Debug */ = {
			isa = XCBuildConfiguration;
			buildSettings = {
				ALWAYS_SEARCH_USER_PATHS = NO;
				COPY_PHASE_STRIP = NO;
				GCC_DYNAMIC_NO_PIC = NO;
				GCC_OPTIMIZATION_LEVEL = 0;
				GCC_PRECOMPILE_PREFIX_HEADER = YES;
				GCC_PREFIX_HEADER = ufoattack_Prefix.pch;
				INFOPLIST_FILE = Info.plist;
				PRODUCT_NAME = ufoattack;
			};
			name = Debug;
		};
		1D6058950D05DD3E006BFB54 /* Release */ = {
			isa = XCBuildConfiguration;
			buildSettings = {
				ALWAYS_SEARCH_USER_PATHS = NO;
				COPY_PHASE_STRIP = YES;
				GCC_PRECOMPILE_PREFIX_HEADER = YES;
				GCC_PREFIX_HEADER = ufoattack_Prefix.pch;
				INFOPLIST_FILE = Info.plist;
				PRODUCT_NAME = ufoattack;
			};
			name = Release;
		};
		C01FCF4F08A954540054247B /* Debug */ = {
			isa = XCBuildConfiguration;
			buildSettings = {
				ARCHS = "$(ARCHS_STANDARD_32_BIT)";
				"CODE_SIGN_IDENTITY[sdk=iphoneos*]" = "iPhone Developer: Lee Thomason";
				GCC_C_LANGUAGE_STANDARD = c99;
				GCC_PREPROCESSOR_DEFINITIONS = (
					_DEBUG,
					GL_NO_SDL,
				);
				GCC_WARN_ABOUT_RETURN_TYPE = YES;
				GCC_WARN_UNUSED_VARIABLE = YES;
				ONLY_ACTIVE_ARCH = YES;
				PREBINDING = NO;
				"PROVISIONING_PROFILE[sdk=iphoneos*]" = "A4590E9F-6F08-4744-B0F6-B84AB91290FF";
				SDKROOT = iphoneos2.1;
			};
			name = Debug;
		};
		C01FCF5008A954540054247B /* Release */ = {
			isa = XCBuildConfiguration;
			buildSettings = {
				ARCHS = "$(ARCHS_STANDARD_32_BIT)";
				"CODE_SIGN_IDENTITY[sdk=iphoneos*]" = "iPhone Developer: Lee Thomason";
				GCC_C_LANGUAGE_STANDARD = c99;
				GCC_PREPROCESSOR_DEFINITIONS = GL_NO_SDL;
				GCC_WARN_ABOUT_RETURN_TYPE = YES;
				GCC_WARN_UNUSED_VARIABLE = YES;
				PREBINDING = NO;
				"PROVISIONING_PROFILE[sdk=iphoneos*]" = "A4590E9F-6F08-4744-B0F6-B84AB91290FF";
				SDKROOT = iphoneos2.1;
			};
			name = Release;
		};
/* End XCBuildConfiguration section */

/* Begin XCConfigurationList section */
		1D6058960D05DD3E006BFB54 /* Build configuration list for PBXNativeTarget "ufoattack" */ = {
			isa = XCConfigurationList;
			buildConfigurations = (
				1D6058940D05DD3E006BFB54 /* Debug */,
				1D6058950D05DD3E006BFB54 /* Release */,
			);
			defaultConfigurationIsVisible = 0;
			defaultConfigurationName = Release;
		};
		C01FCF4E08A954540054247B /* Build configuration list for PBXProject "ufoattack" */ = {
			isa = XCConfigurationList;
			buildConfigurations = (
				C01FCF4F08A954540054247B /* Debug */,
				C01FCF5008A954540054247B /* Release */,
			);
			defaultConfigurationIsVisible = 0;
			defaultConfigurationName = Release;
		};
/* End XCConfigurationList section */
	};
	rootObject = 29B97313FDCFA39411CA2CEA /* Project object */;
}
